
Microsoft Visual Studio Solution File, Format Version 12.00
# Visual Studio Version 17
VisualStudioVersion = 17.10.35013.160
MinimumVisualStudioVersion = 10.0.40219.1
Project("{9A19103F-16F7-4668-BE54-9A1E7A4F7556}") = "PerfLoad", "PerfLoad\PerfLoad.csproj", "{F9BD0C78-94FC-4569-8E91-4EBF68B46F10}"
EndProject
Project("{FAE04EC0-301F-11D3-BF4B-00C04F79EFBC}") = "PerfConsume", "..\PerfConsume\PerfConsume.csproj", "{FBF39F9C-20B7-4140-AD88-4D006AEDF2B9}"
EndProject
Global
	GlobalSection(SolutionConfigurationPlatforms) = preSolution
		Debug|Any CPU = Debug|Any CPU
		Release|Any CPU = Release|Any CPU
	EndGlobalSection
	GlobalSection(ProjectConfigurationPlatforms) = postSolution
		{F9BD0C78-94FC-4569-8E91-4EBF68B46F10}.Debug|Any CPU.ActiveCfg = Debug|Any CPU
		{F9BD0C78-94FC-4569-8E91-4EBF68B46F10}.Debug|Any CPU.Build.0 = Debug|Any CPU
		{F9BD0C78-94FC-4569-8E91-4EBF68B46F10}.Release|Any CPU.ActiveCfg = Release|Any CPU
		{F9BD0C78-94FC-4569-8E91-4EBF68B46F10}.Release|Any CPU.Build.0 = Release|Any CPU
		{FBF39F9C-20B7-4140-AD88-4D006AEDF2B9}.Debug|Any CPU.ActiveCfg = Debug|Any CPU
		{FBF39F9C-20B7-4140-AD88-4D006AEDF2B9}.Debug|Any CPU.Build.0 = Debug|Any CPU
		{FBF39F9C-20B7-4140-AD88-4D006AEDF2B9}.Release|Any CPU.ActiveCfg = Release|Any CPU
		{FBF39F9C-20B7-4140-AD88-4D006AEDF2B9}.Release|Any CPU.Build.0 = Release|Any CPU
	EndGlobalSection
	GlobalSection(SolutionProperties) = preSolution
		HideSolutionNode = FALSE
	EndGlobalSection
	GlobalSection(ExtensibilityGlobals) = postSolution
		SolutionGuid = {10B4D8E8-0FA6-4115-A31C-8E3CABCD83B3}
	EndGlobalSection
EndGlobal
